# This file was autogenerated by Stack.
# You should not edit this file by hand.
# For more information, please see the documentation at:
#   https://docs.haskellstack.org/en/stable/lock_files

packages:
- completed:
    hackage: scalpel-0.6.2@sha256:5f9b4971c6b889048146260ef5c9e8b433785d3a3afe82115466f399b1b169de,1463
    pantry-tree:
      size: 405
      sha256: 6d795b21d88ec3a23690a4d5cb24eb5e5775049a6d19bd1f4540738993bcdc24
  original:
    hackage: scalpel-0.6.2
- completed:
    hackage: scalpel-core-0.6.2@sha256:74bfc8e21a33d830d70495ca13a3e4b42a5e82ef67e1f325373a626e3a45f185,2432
    pantry-tree:
      size: 962
      sha256: f2ac32d9b94fe70c6e2aa007d89069a94d25a53b5d13ba432e0bf0cb2c56eb78
  original:
    hackage: scalpel-core-0.6.2
- completed:
    hackage: text-1.2.4.0@sha256:8c24450feb8e3bbb7ea3e17af24ef57e85db077c4bf53e5bcc345b283d1b1d5b,10081
    pantry-tree:
      size: 7457
      sha256: 3437b0a73ce2ae1a81aa8b3438d41a85981c00894cdbee0d6d6d6873046a5d5d
  original:
    hackage: text-1.2.4.0
- completed:
    hackage: open-browser-0.2.1.0@sha256:e4be4a206f5ab6ddb5ae4fbb39101529196e20af5670c5d33326fea6eff886fd,1529
    pantry-tree:
      size: 462
      sha256: fa4684ddfdb2bf393407014e2ec065e269c4b717feed26978ea15eca6d2a59c0
  original:
    hackage: open-browser-0.2.1.0
snapshots:
- completed:
    size: 533252
    url: https://raw.githubusercontent.com/commercialhaskell/stackage-snapshots/master/lts/16/27.yaml
    sha256: c2aaae52beeacf6a5727c1010f50e89d03869abfab6d2c2658ade9da8ed50c73
  original:
    url: https://raw.githubusercontent.com/commercialhaskell/stackage-snapshots/master/lts/16/27.yaml
